{
    "_readme": [
        "This file locks the dependencies of your project to a known state",
        "Read more about it at https://getcomposer.org/doc/01-basic-usage.md#installing-dependencies",
        "This file is @generated automatically"
    ],
    "content-hash": "7aac301d78fd033fe63d6755e9b96db1",
    "packages": [
        {
            "name": "robrichards/xmlseclibs",
            "version": "3.0.1",
            "source": {
                "type": "git",
                "url": "https://github.com/robrichards/xmlseclibs.git",
                "reference": "d937712f70f93a584eb0299ccd87dc6374003781"
            },
            "dist": {
                "type": "zip",
                "url": "https://api.github.com/repos/robrichards/xmlseclibs/zipball/d937712f70f93a584eb0299ccd87dc6374003781",
                "reference": "d937712f70f93a584eb0299ccd87dc6374003781",
                "shasum": ""
            },
            "require": {
                "php": ">= 5.4"
            },
            "suggest": {
                "ext-openssl": "OpenSSL extension"
            },
            "type": "library",
            "autoload": {
                "psr-4": {
                    "RobRichards\\XMLSecLibs\\": "src"
                }
            },
            "notification-url": "https://packagist.org/downloads/",
            "license": [
                "BSD-3-Clause"
            ],
            "description": "A PHP library for XML Security",
            "homepage": "https://github.com/robrichards/xmlseclibs",
            "keywords": [
                "security",
                "signature",
                "xml",
                "xmldsig"
            ],
            "time": "2017-08-31T09:27:07+00:00"
        }
    ],
    "packages-dev": [
        {
            "name": "squizlabs/php_codesniffer",
            "version": "3.3.1",
            "source": {
                "type": "git",
                "url": "https://github.com/squizlabs/PHP_CodeSniffer.git",
                "reference": "628a481780561150481a9ec74709092b9759b3ec"
            },
            "dist": {
                "type": "zip",
                "url": "https://api.github.com/repos/squizlabs/PHP_CodeSniffer/zipball/628a481780561150481a9ec74709092b9759b3ec",
                "reference": "628a481780561150481a9ec74709092b9759b3ec",
                "shasum": ""
            },
            "require": {
                "ext-simplexml": "*",
                "ext-tokenizer": "*",
                "ext-xmlwriter": "*",
                "php": ">=5.4.0"
            },
            "require-dev": {
                "phpunit/phpunit": "^4.0 || ^5.0 || ^6.0 || ^7.0"
            },
            "bin": [
                "bin/phpcs",
                "bin/phpcbf"
            ],
            "type": "library",
            "extra": {
                "branch-alias": {
                    "dev-master": "3.x-dev"
                }
            },
            "notification-url": "https://packagist.org/downloads/",
            "license": [
                "BSD-3-Clause"
            ],
            "authors": [
                {
                    "name": "Greg Sherwood",
                    "role": "lead"
                }
            ],
            "description": "PHP_CodeSniffer tokenizes PHP, JavaScript and CSS files and detects violations of a defined set of coding standards.",
            "homepage": "http://www.squizlabs.com/php-codesniffer",
            "keywords": [
                "phpcs",
                "standards"
            ],
            "time": "2018-07-26T23:47:18+00:00"
        }
    ],
    "aliases": [],
    "minimum-stability": "stable",
    "stability-flags": [],
    "prefer-stable": false,
    "prefer-lowest": false,
    "platform": [],
    "platform-dev": []
}
